
Microsoft Visual Studio Solution File, Format Version 12.00
# Visual Studio Version 16
VisualStudioVersion = 16.0.32413.511
MinimumVisualStudioVersion = 10.0.40219.1
Project("{F184B08F-C81C-45F6-A57F-5ABD9991F28F}") = "SPCMS", "SPCMS.vbproj", "{D67F5FAD-6AED-4144-8521-47B29D671F65}"
EndProject
Global
	GlobalSection(SolutionConfigurationPlatforms) = preSolution
		Debug|Any CPU = Debug|Any CPU
		Release|Any CPU = Release|Any CPU
	EndGlobalSection
	GlobalSection(ProjectConfigurationPlatforms) = postSolution
		{D67F5FAD-6AED-4144-8521-47B29D671F65}.Debug|Any CPU.ActiveCfg = Debug|Any CPU
		{D67F5FAD-6AED-4144-8521-47B29D671F65}.Debug|Any CPU.Build.0 = Debug|Any CPU
		{D67F5FAD-6AED-4144-8521-47B29D671F65}.Release|Any CPU.ActiveCfg = Release|Any CPU
		{D67F5FAD-6AED-4144-8521-47B29D671F65}.Release|Any CPU.Build.0 = Release|Any CPU
	EndGlobalSection
	GlobalSection(SolutionProperties) = preSolution
		HideSolutionNode = FALSE
	EndGlobalSection
	GlobalSection(ExtensibilityGlobals) = postSolution
		SolutionGuid = {7FB08DB7-E05F-44C4-A0CA-7BBC35BEB30F}
	EndGlobalSection
EndGlobal
